// !$*UTF8*$!
{
	archiveVersion = 1;
	classes = {
	};
	objectVersion = 48;
	objects = {

/* Begin PBXBuildFile section */
		0111B7391F44C08D006F9C44 /* ParseError.swift in Sources */ = {isa = PBXBuildFile; fileRef = 0111B7381F44C08D006F9C44 /* ParseError.swift */; };
		0111B7501F4589E1006F9C44 /* trackLists in Resources */ = {isa = PBXBuildFile; fileRef = 0111B74D1F458878006F9C44 /* trackLists */; };
		014A9A8A1EEAEFAE0096650F /* AppDelegate.swift in Sources */ = {isa = PBXBuildFile; fileRef = 014A9A891EEAEFAE0096650F /* AppDelegate.swift */; };
		014A9A8F1EEAEFAE0096650F /* Main.storyboard in Resources */ = {isa = PBXBuildFile; fileRef = 014A9A8D1EEAEFAE0096650F /* Main.storyboard */; };
		014A9A911EEAEFAE0096650F /* Assets.xcassets in Resources */ = {isa = PBXBuildFile; fileRef = 014A9A901EEAEFAE0096650F /* Assets.xcassets */; };
		014A9A941EEAEFAE0096650F /* LaunchScreen.storyboard in Resources */ = {isa = PBXBuildFile; fileRef = 014A9A921EEAEFAE0096650F /* LaunchScreen.storyboard */; };
		014A9A9F1EEAEFAE0096650F /* ParserSpec.swift in Sources */ = {isa = PBXBuildFile; fileRef = 014A9A9E1EEAEFAE0096650F /* ParserSpec.swift */; };
		014A9AAA1EEAEFAF0096650F /* bcHealthUITests.swift in Sources */ = {isa = PBXBuildFile; fileRef = 014A9AA91EEAEFAF0096650F /* bcHealthUITests.swift */; };
		014A9AB81EEAF1240096650F /* Downloader.swift in Sources */ = {isa = PBXBuildFile; fileRef = 014A9AB71EEAF1240096650F /* Downloader.swift */; };
		0189FE551EEC073100A2C4F8 /* TableViewController.swift in Sources */ = {isa = PBXBuildFile; fileRef = 0189FE541EEC073100A2C4F8 /* TableViewController.swift */; };
		0189FE571EEC34AA00A2C4F8 /* ViewController.swift in Sources */ = {isa = PBXBuildFile; fileRef = 0189FE561EEC34AA00A2C4F8 /* ViewController.swift */; };
		0189FE591EEC7D1700A2C4F8 /* Track.swift in Sources */ = {isa = PBXBuildFile; fileRef = 0189FE581EEC7D1700A2C4F8 /* Track.swift */; };
		0189FE5B1EEC80DE00A2C4F8 /* Parser.swift in Sources */ = {isa = PBXBuildFile; fileRef = 0189FE5A1EEC80DE00A2C4F8 /* Parser.swift */; };
		0189FE631EED203A00A2C4F8 /* Podfile in Resources */ = {isa = PBXBuildFile; fileRef = 0189FE621EED203A00A2C4F8 /* Podfile */; };
		0F90991F56C7D38889DDC9E7 /* Pods_bcHealthTests.framework in Frameworks */ = {isa = PBXBuildFile; fileRef = 53A3143248D0F3B3D16751ED /* Pods_bcHealthTests.framework */; };
		47DD283091FA20966A83134E /* Pods_bcHealth_bcHealthUITests.framework in Frameworks */ = {isa = PBXBuildFile; fileRef = 54C5707D8E61C9FEE187F6D7 /* Pods_bcHealth_bcHealthUITests.framework */; };
		5C10AA3B12D0B404ADAF2DDD /* Pods_bcHealthUITests.framework in Frameworks */ = {isa = PBXBuildFile; fileRef = EE8ACB4318C159372182951E /* Pods_bcHealthUITests.framework */; };
		B053AF8DD07CE50FED87074C /* Pods_bcHealth.framework in Frameworks */ = {isa = PBXBuildFile; fileRef = 74277889A77F4C1E2E8A39D4 /* Pods_bcHealth.framework */; };
		D4718EE658E995998DCB6A64 /* Pods_bcHealth_bcHealthTests.framework in Frameworks */ = {isa = PBXBuildFile; fileRef = DA5980495611AC3D963A6C91 /* Pods_bcHealth_bcHealthTests.framework */; };
/* End PBXBuildFile section */

/* Begin PBXContainerItemProxy section */
		014A9A9B1EEAEFAE0096650F /* PBXContainerItemProxy */ = {
			isa = PBXContainerItemProxy;
			containerPortal = 014A9A7E1EEAEFAE0096650F /* Project object */;
			proxyType = 1;
			remoteGlobalIDString = 014A9A851EEAEFAE0096650F;
			remoteInfo = bcHealth;
		};
		014A9AA61EEAEFAF0096650F /* PBXContainerItemProxy */ = {
			isa = PBXContainerItemProxy;
			containerPortal = 014A9A7E1EEAEFAE0096650F /* Project object */;
			proxyType = 1;
			remoteGlobalIDString = 014A9A851EEAEFAE0096650F;
			remoteInfo = bcHealth;
		};
/* End PBXContainerItemProxy section */

/* Begin PBXFileReference section */
		0111B7361F443112006F9C44 /* Quick.framework */ = {isa = PBXFileReference; lastKnownFileType = wrapper.framework; name = Quick.framework; path = "Pods/../build/Debug-iphoneos/Quick/Quick.framework"; sourceTree = "<group>"; };
		0111B7381F44C08D006F9C44 /* ParseError.swift */ = {isa = PBXFileReference; lastKnownFileType = sourcecode.swift; path = ParseError.swift; sourceTree = "<group>"; };
		0111B74D1F458878006F9C44 /* trackLists */ = {isa = PBXFileReference; lastKnownFileType = folder; path = trackLists; sourceTree = "<group>"; };
		014A9A861EEAEFAE0096650F /* bcHealth.app */ = {isa = PBXFileReference; explicitFileType = wrapper.application; includeInIndex = 0; path = bcHealth.app; sourceTree = BUILT_PRODUCTS_DIR; };
		014A9A891EEAEFAE0096650F /* AppDelegate.swift */ = {isa = PBXFileReference; lastKnownFileType = sourcecode.swift; path = AppDelegate.swift; sourceTree = "<group>"; };
		014A9A8E1EEAEFAE0096650F /* Base */ = {isa = PBXFileReference; lastKnownFileType = file.storyboard; name = Base; path = Base.lproj/Main.storyboard; sourceTree = "<group>"; };
		014A9A901EEAEFAE0096650F /* Assets.xcassets */ = {isa = PBXFileReference; lastKnownFileType = folder.assetcatalog; path = Assets.xcassets; sourceTree = "<group>"; };
		014A9A931EEAEFAE0096650F /* Base */ = {isa = PBXFileReference; lastKnownFileType = file.storyboard; name = Base; path = Base.lproj/LaunchScreen.storyboard; sourceTree = "<group>"; };
		014A9A951EEAEFAE0096650F /* Info.plist */ = {isa = PBXFileReference; lastKnownFileType = text.plist.xml; path = Info.plist; sourceTree = "<group>"; };
		014A9A9A1EEAEFAE0096650F /* bcHealthTests.xctest */ = {isa = PBXFileReference; explicitFileType = wrapper.cfbundle; includeInIndex = 0; path = bcHealthTests.xctest; sourceTree = BUILT_PRODUCTS_DIR; };
		014A9A9E1EEAEFAE0096650F /* ParserSpec.swift */ = {isa = PBXFileReference; lastKnownFileType = sourcecode.swift; path = ParserSpec.swift; sourceTree = "<group>"; };
		014A9AA01EEAEFAE0096650F /* Info.plist */ = {isa = PBXFileReference; lastKnownFileType = text.plist.xml; path = Info.plist; sourceTree = "<group>"; };
		014A9AA51EEAEFAF0096650F /* bcHealthUITests.xctest */ = {isa = PBXFileReference; explicitFileType = wrapper.cfbundle; includeInIndex = 0; path = bcHealthUITests.xctest; sourceTree = BUILT_PRODUCTS_DIR; };
		014A9AA91EEAEFAF0096650F /* bcHealthUITests.swift */ = {isa = PBXFileReference; lastKnownFileType = sourcecode.swift; path = bcHealthUITests.swift; sourceTree = "<group>"; };
		014A9AAB1EEAEFAF0096650F /* Info.plist */ = {isa = PBXFileReference; lastKnownFileType = text.plist.xml; path = Info.plist; sourceTree = "<group>"; };
		014A9AB71EEAF1240096650F /* Downloader.swift */ = {isa = PBXFileReference; fileEncoding = 4; lastKnownFileType = sourcecode.swift; path = Downloader.swift; sourceTree = "<group>"; };
		0189FE541EEC073100A2C4F8 /* TableViewController.swift */ = {isa = PBXFileReference; lastKnownFileType = sourcecode.swift; path = TableViewController.swift; sourceTree = "<group>"; };
		0189FE561EEC34AA00A2C4F8 /* ViewController.swift */ = {isa = PBXFileReference; lastKnownFileType = sourcecode.swift; path = ViewController.swift; sourceTree = "<group>"; };
		0189FE581EEC7D1700A2C4F8 /* Track.swift */ = {isa = PBXFileReference; lastKnownFileType = sourcecode.swift; path = Track.swift; sourceTree = "<group>"; };
		0189FE5A1EEC80DE00A2C4F8 /* Parser.swift */ = {isa = PBXFileReference; lastKnownFileType = sourcecode.swift; path = Parser.swift; sourceTree = "<group>"; };
		0189FE601EED1C5C00A2C4F8 /* UIKit.framework */ = {isa = PBXFileReference; lastKnownFileType = wrapper.framework; name = UIKit.framework; path = System/Library/Frameworks/UIKit.framework; sourceTree = SDKROOT; };
		0189FE611EED1C6300A2C4F8 /* WebKit.framework */ = {isa = PBXFileReference; lastKnownFileType = wrapper.framework; name = WebKit.framework; path = System/Library/Frameworks/WebKit.framework; sourceTree = SDKROOT; };
		0189FE621EED203A00A2C4F8 /* Podfile */ = {isa = PBXFileReference; lastKnownFileType = text; path = Podfile; sourceTree = "<group>"; xcLanguageSpecificationIdentifier = xcode.lang.ruby; };
		50C4A467FB660ECDD8D0B4F3 /* Pods-bcHealth-bcHealthTests.release.xcconfig */ = {isa = PBXFileReference; includeInIndex = 1; lastKnownFileType = text.xcconfig; name = "Pods-bcHealth-bcHealthTests.release.xcconfig"; path = "Pods/Target Support Files/Pods-bcHealth-bcHealthTests/Pods-bcHealth-bcHealthTests.release.xcconfig"; sourceTree = "<group>"; };
		53A3143248D0F3B3D16751ED /* Pods_bcHealthTests.framework */ = {isa = PBXFileReference; explicitFileType = wrapper.framework; includeInIndex = 0; path = Pods_bcHealthTests.framework; sourceTree = BUILT_PRODUCTS_DIR; };
		54C5707D8E61C9FEE187F6D7 /* Pods_bcHealth_bcHealthUITests.framework */ = {isa = PBXFileReference; explicitFileType = wrapper.framework; includeInIndex = 0; path = Pods_bcHealth_bcHealthUITests.framework; sourceTree = BUILT_PRODUCTS_DIR; };
		74277889A77F4C1E2E8A39D4 /* Pods_bcHealth.framework */ = {isa = PBXFileReference; explicitFileType = wrapper.framework; includeInIndex = 0; path = Pods_bcHealth.framework; sourceTree = BUILT_PRODUCTS_DIR; };
		87CA2292C63F24BB2E03125E /* Pods-bcHealth-bcHealthTests.debug.xcconfig */ = {isa = PBXFileReference; includeInIndex = 1; lastKnownFileType = text.xcconfig; name = "Pods-bcHealth-bcHealthTests.debug.xcconfig"; path = "Pods/Target Support Files/Pods-bcHealth-bcHealthTests/Pods-bcHealth-bcHealthTests.debug.xcconfig"; sourceTree = "<group>"; };
		9A6C0D461F4B5E54F62E3947 /* Pods-bcHealthUITests.release.xcconfig */ = {isa = PBXFileReference; includeInIndex = 1; lastKnownFileType = text.xcconfig; name = "Pods-bcHealthUITests.release.xcconfig"; path = "Pods/Target Support Files/Pods-bcHealthUITests/Pods-bcHealthUITests.release.xcconfig"; sourceTree = "<group>"; };
		BA9BF1A64EAA10D75D5A6F7B /* Pods-bcHealth.release.xcconfig */ = {isa = PBXFileReference; includeInIndex = 1; lastKnownFileType = text.xcconfig; name = "Pods-bcHealth.release.xcconfig"; path = "Pods/Target Support Files/Pods-bcHealth/Pods-bcHealth.release.xcconfig"; sourceTree = "<group>"; };
		BD563FE79C03491C1D666CAF /* Pods-bcHealthUITests.debug.xcconfig */ = {isa = PBXFileReference; includeInIndex = 1; lastKnownFileType = text.xcconfig; name = "Pods-bcHealthUITests.debug.xcconfig"; path = "Pods/Target Support Files/Pods-bcHealthUITests/Pods-bcHealthUITests.debug.xcconfig"; sourceTree = "<group>"; };
		D4AE68724FB9F9DDBB12EC22 /* Pods-bcHealthTests.release.xcconfig */ = {isa = PBXFileReference; includeInIndex = 1; lastKnownFileType = text.xcconfig; name = "Pods-bcHealthTests.release.xcconfig"; path = "Pods/Target Support Files/Pods-bcHealthTests/Pods-bcHealthTests.release.xcconfig"; sourceTree = "<group>"; };
		D9E5323DAC02ED0D3220FC70 /* Pods-bcHealth.debug.xcconfig */ = {isa = PBXFileReference; includeInIndex = 1; lastKnownFileType = text.xcconfig; name = "Pods-bcHealth.debug.xcconfig"; path = "Pods/Target Support Files/Pods-bcHealth/Pods-bcHealth.debug.xcconfig"; sourceTree = "<group>"; };
		DA5980495611AC3D963A6C91 /* Pods_bcHealth_bcHealthTests.framework */ = {isa = PBXFileReference; explicitFileType = wrapper.framework; includeInIndex = 0; path = Pods_bcHealth_bcHealthTests.framework; sourceTree = BUILT_PRODUCTS_DIR; };
		DDE353A697DABFC33087B1D5 /* Pods-bcHealth-bcHealthUITests.debug.xcconfig */ = {isa = PBXFileReference; includeInIndex = 1; lastKnownFileType = text.xcconfig; name = "Pods-bcHealth-bcHealthUITests.debug.xcconfig"; path = "Pods/Target Support Files/Pods-bcHealth-bcHealthUITests/Pods-bcHealth-bcHealthUITests.debug.xcconfig"; sourceTree = "<group>"; };
		DE2B03D1337F0489221A085F /* Pods-bcHealthTests.debug.xcconfig */ = {isa = PBXFileReference; includeInIndex = 1; lastKnownFileType = text.xcconfig; name = "Pods-bcHealthTests.debug.xcconfig"; path = "Pods/Target Support Files/Pods-bcHealthTests/Pods-bcHealthTests.debug.xcconfig"; sourceTree = "<group>"; };
		EE8ACB4318C159372182951E /* Pods_bcHealthUITests.framework */ = {isa = PBXFileReference; explicitFileType = wrapper.framework; includeInIndex = 0; path = Pods_bcHealthUITests.framework; sourceTree = BUILT_PRODUCTS_DIR; };
		FFCF079A63416ED2DAC226B7 /* Pods-bcHealth-bcHealthUITests.release.xcconfig */ = {isa = PBXFileReference; includeInIndex = 1; lastKnownFileType = text.xcconfig; name = "Pods-bcHealth-bcHealthUITests.release.xcconfig"; path = "Pods/Target Support Files/Pods-bcHealth-bcHealthUITests/Pods-bcHealth-bcHealthUITests.release.xcconfig"; sourceTree = "<group>"; };
/* End PBXFileReference section */

/* Begin PBXFrameworksBuildPhase section */
		014A9A831EEAEFAE0096650F /* Frameworks */ = {
			isa = PBXFrameworksBuildPhase;
			buildActionMask = 2147483647;
			files = (
				B053AF8DD07CE50FED87074C /* Pods_bcHealth.framework in Frameworks */,
			);
			runOnlyForDeploymentPostprocessing = 0;
		};
		014A9A971EEAEFAE0096650F /* Frameworks */ = {
			isa = PBXFrameworksBuildPhase;
			buildActionMask = 2147483647;
			files = (
				0F90991F56C7D38889DDC9E7 /* Pods_bcHealthTests.framework in Frameworks */,
				D4718EE658E995998DCB6A64 /* Pods_bcHealth_bcHealthTests.framework in Frameworks */,
			);
			runOnlyForDeploymentPostprocessing = 0;
		};
		014A9AA21EEAEFAF0096650F /* Frameworks */ = {
			isa = PBXFrameworksBuildPhase;
			buildActionMask = 2147483647;
			files = (
				5C10AA3B12D0B404ADAF2DDD /* Pods_bcHealthUITests.framework in Frameworks */,
				47DD283091FA20966A83134E /* Pods_bcHealth_bcHealthUITests.framework in Frameworks */,
			);
			runOnlyForDeploymentPostprocessing = 0;
		};
/* End PBXFrameworksBuildPhase section */

/* Begin PBXGroup section */
		014A9A7D1EEAEFAE0096650F = {
			isa = PBXGroup;
			children = (
				0189FE621EED203A00A2C4F8 /* Podfile */,
				014A9A881EEAEFAE0096650F /* bcHealth */,
				014A9A9D1EEAEFAE0096650F /* bcHealthTests */,
				014A9AA81EEAEFAF0096650F /* bcHealthUITests */,
				014A9A871EEAEFAE0096650F /* Products */,
				0189FE5F1EED1C5B00A2C4F8 /* Frameworks */,
				A064A8233E3BCA4CF1123E71 /* Pods */,
			);
			sourceTree = "<group>";
		};
		014A9A871EEAEFAE0096650F /* Products */ = {
			isa = PBXGroup;
			children = (
				014A9A861EEAEFAE0096650F /* bcHealth.app */,
				014A9A9A1EEAEFAE0096650F /* bcHealthTests.xctest */,
				014A9AA51EEAEFAF0096650F /* bcHealthUITests.xctest */,
			);
			name = Products;
			sourceTree = "<group>";
		};
		014A9A881EEAEFAE0096650F /* bcHealth */ = {
			isa = PBXGroup;
			children = (
				014A9A8D1EEAEFAE0096650F /* Main.storyboard */,
				014A9A901EEAEFAE0096650F /* Assets.xcassets */,
				014A9A921EEAEFAE0096650F /* LaunchScreen.storyboard */,
				014A9A951EEAEFAE0096650F /* Info.plist */,
				014A9A891EEAEFAE0096650F /* AppDelegate.swift */,
				014A9AB71EEAF1240096650F /* Downloader.swift */,
				0189FE541EEC073100A2C4F8 /* TableViewController.swift */,
				0189FE561EEC34AA00A2C4F8 /* ViewController.swift */,
				0189FE581EEC7D1700A2C4F8 /* Track.swift */,
				0189FE5A1EEC80DE00A2C4F8 /* Parser.swift */,
				0111B7381F44C08D006F9C44 /* ParseError.swift */,
			);
			path = bcHealth;
			sourceTree = "<group>";
		};
		014A9A9D1EEAEFAE0096650F /* bcHealthTests */ = {
			isa = PBXGroup;
			children = (
				0111B74D1F458878006F9C44 /* trackLists */,
				014A9A9E1EEAEFAE0096650F /* ParserSpec.swift */,
				014A9AA01EEAEFAE0096650F /* Info.plist */,
			);
			path = bcHealthTests;
			sourceTree = "<group>";
		};
		014A9AA81EEAEFAF0096650F /* bcHealthUITests */ = {
			isa = PBXGroup;
			children = (
				014A9AA91EEAEFAF0096650F /* bcHealthUITests.swift */,
				014A9AAB1EEAEFAF0096650F /* Info.plist */,
			);
			path = bcHealthUITests;
			sourceTree = "<group>";
		};
		0189FE5F1EED1C5B00A2C4F8 /* Frameworks */ = {
			isa = PBXGroup;
			children = (
				0111B7361F443112006F9C44 /* Quick.framework */,
				0189FE611EED1C6300A2C4F8 /* WebKit.framework */,
				0189FE601EED1C5C00A2C4F8 /* UIKit.framework */,
				74277889A77F4C1E2E8A39D4 /* Pods_bcHealth.framework */,
				53A3143248D0F3B3D16751ED /* Pods_bcHealthTests.framework */,
				EE8ACB4318C159372182951E /* Pods_bcHealthUITests.framework */,
				DA5980495611AC3D963A6C91 /* Pods_bcHealth_bcHealthTests.framework */,
				54C5707D8E61C9FEE187F6D7 /* Pods_bcHealth_bcHealthUITests.framework */,
			);
			name = Frameworks;
			sourceTree = "<group>";
		};
		A064A8233E3BCA4CF1123E71 /* Pods */ = {
			isa = PBXGroup;
			children = (
				D9E5323DAC02ED0D3220FC70 /* Pods-bcHealth.debug.xcconfig */,
				BA9BF1A64EAA10D75D5A6F7B /* Pods-bcHealth.release.xcconfig */,
				DE2B03D1337F0489221A085F /* Pods-bcHealthTests.debug.xcconfig */,
				D4AE68724FB9F9DDBB12EC22 /* Pods-bcHealthTests.release.xcconfig */,
				BD563FE79C03491C1D666CAF /* Pods-bcHealthUITests.debug.xcconfig */,
				9A6C0D461F4B5E54F62E3947 /* Pods-bcHealthUITests.release.xcconfig */,
				87CA2292C63F24BB2E03125E /* Pods-bcHealth-bcHealthTests.debug.xcconfig */,
				50C4A467FB660ECDD8D0B4F3 /* Pods-bcHealth-bcHealthTests.release.xcconfig */,
				DDE353A697DABFC33087B1D5 /* Pods-bcHealth-bcHealthUITests.debug.xcconfig */,
				FFCF079A63416ED2DAC226B7 /* Pods-bcHealth-bcHealthUITests.release.xcconfig */,
			);
			name = Pods;
			sourceTree = "<group>";
		};
/* End PBXGroup section */

/* Begin PBXNativeTarget section */
		014A9A851EEAEFAE0096650F /* bcHealth */ = {
			isa = PBXNativeTarget;
			buildConfigurationList = 014A9AAE1EEAEFAF0096650F /* Build configuration list for PBXNativeTarget "bcHealth" */;
			buildPhases = (
				F3C24C20019DEE906016A0A6 /* [CP] Check Pods Manifest.lock */,
				014A9A821EEAEFAE0096650F /* Sources */,
				014A9A831EEAEFAE0096650F /* Frameworks */,
				014A9A841EEAEFAE0096650F /* Resources */,
				03291322EDFE0C7338D714C2 /* [CP] Embed Pods Frameworks */,
				7EBBD38ED017FAC13B510871 /* [CP] Copy Pods Resources */,
			);
			buildRules = (
			);
			dependencies = (
			);
			name = bcHealth;
			productName = bcHealth;
			productReference = 014A9A861EEAEFAE0096650F /* bcHealth.app */;
			productType = "com.apple.product-type.application";
		};
		014A9A991EEAEFAE0096650F /* bcHealthTests */ = {
			isa = PBXNativeTarget;
			buildConfigurationList = 014A9AB11EEAEFAF0096650F /* Build configuration list for PBXNativeTarget "bcHealthTests" */;
			buildPhases = (
				2F7CC35E76C9641B7361EBE9 /* [CP] Check Pods Manifest.lock */,
				014A9A961EEAEFAE0096650F /* Sources */,
				014A9A971EEAEFAE0096650F /* Frameworks */,
				014A9A981EEAEFAE0096650F /* Resources */,
				E55F407DDBFC86592C50E3E8 /* [CP] Embed Pods Frameworks */,
				FCD0D269125EF729575A069E /* [CP] Copy Pods Resources */,
			);
			buildRules = (
			);
			dependencies = (
				014A9A9C1EEAEFAE0096650F /* PBXTargetDependency */,
			);
			name = bcHealthTests;
			productName = bcHealthTests;
			productReference = 014A9A9A1EEAEFAE0096650F /* bcHealthTests.xctest */;
			productType = "com.apple.product-type.bundle.unit-test";
		};
		014A9AA41EEAEFAF0096650F /* bcHealthUITests */ = {
			isa = PBXNativeTarget;
			buildConfigurationList = 014A9AB41EEAEFAF0096650F /* Build configuration list for PBXNativeTarget "bcHealthUITests" */;
			buildPhases = (
				1EA3D36068DBBD74029585AA /* [CP] Check Pods Manifest.lock */,
				014A9AA11EEAEFAF0096650F /* Sources */,
				014A9AA21EEAEFAF0096650F /* Frameworks */,
				014A9AA31EEAEFAF0096650F /* Resources */,
				5BEAAE2450D9495F46D56BD0 /* [CP] Embed Pods Frameworks */,
				B4D0AABBB137384B440183AC /* [CP] Copy Pods Resources */,
			);
			buildRules = (
			);
			dependencies = (
				014A9AA71EEAEFAF0096650F /* PBXTargetDependency */,
			);
			name = bcHealthUITests;
			productName = bcHealthUITests;
			productReference = 014A9AA51EEAEFAF0096650F /* bcHealthUITests.xctest */;
			productType = "com.apple.product-type.bundle.ui-testing";
		};
/* End PBXNativeTarget section */

/* Begin PBXProject section */
		014A9A7E1EEAEFAE0096650F /* Project object */ = {
			isa = PBXProject;
			attributes = {
				LastSwiftUpdateCheck = 0830;
				LastUpgradeCheck = 0830;
				ORGANIZATIONNAME = "Andras Hatvani";
				TargetAttributes = {
					014A9A851EEAEFAE0096650F = {
						CreatedOnToolsVersion = 8.3.3;
						ProvisioningStyle = Automatic;
					};
					014A9A991EEAEFAE0096650F = {
						CreatedOnToolsVersion = 8.3.3;
						ProvisioningStyle = Automatic;
						TestTargetID = 014A9A851EEAEFAE0096650F;
					};
					014A9AA41EEAEFAF0096650F = {
						CreatedOnToolsVersion = 8.3.3;
						ProvisioningStyle = Automatic;
						TestTargetID = 014A9A851EEAEFAE0096650F;
					};
				};
			};
			buildConfigurationList = 014A9A811EEAEFAE0096650F /* Build configuration list for PBXProject "bcHealth" */;
			compatibilityVersion = "Xcode 8.0";
			developmentRegion = English;
			hasScannedForEncodings = 0;
			knownRegions = (
				en,
				Base,
			);
			mainGroup = 014A9A7D1EEAEFAE0096650F;
			productRefGroup = 014A9A871EEAEFAE0096650F /* Products */;
			projectDirPath = "";
			projectRoot = "";
			targets = (
				014A9A851EEAEFAE0096650F /* bcHealth */,
				014A9A991EEAEFAE0096650F /* bcHealthTests */,
				014A9AA41EEAEFAF0096650F /* bcHealthUITests */,
			);
		};
/* End PBXProject section */

/* Begin PBXResourcesBuildPhase section */
		014A9A841EEAEFAE0096650F /* Resources */ = {
			isa = PBXResourcesBuildPhase;
			buildActionMask = 2147483647;
			files = (
				014A9A941EEAEFAE0096650F /* LaunchScreen.storyboard in Resources */,
				014A9A911EEAEFAE0096650F /* Assets.xcassets in Resources */,
				0189FE631EED203A00A2C4F8 /* Podfile in Resources */,
				014A9A8F1EEAEFAE0096650F /* Main.storyboard in Resources */,
			);
			runOnlyForDeploymentPostprocessing = 0;
		};
		014A9A981EEAEFAE0096650F /* Resources */ = {
			isa = PBXResourcesBuildPhase;
			buildActionMask = 2147483647;
			files = (
				0111B7501F4589E1006F9C44 /* trackLists in Resources */,
			);
			runOnlyForDeploymentPostprocessing = 0;
		};
		014A9AA31EEAEFAF0096650F /* Resources */ = {
			isa = PBXResourcesBuildPhase;
			buildActionMask = 2147483647;
			files = (
			);
			runOnlyForDeploymentPostprocessing = 0;
		};
/* End PBXResourcesBuildPhase section */

/* Begin PBXShellScriptBuildPhase section */
		03291322EDFE0C7338D714C2 /* [CP] Embed Pods Frameworks */ = {
			isa = PBXShellScriptBuildPhase;
			buildActionMask = 2147483647;
			files = (
			);
			inputPaths = (
				"${SRCROOT}/Pods/Target Support Files/Pods-bcHealth/Pods-bcHealth-frameworks.sh",
				"${BUILT_PRODUCTS_DIR}/Kanna/Kanna.framework",
			);
			name = "[CP] Embed Pods Frameworks";
			outputPaths = (
				"${TARGET_BUILD_DIR}/${FRAMEWORKS_FOLDER_PATH}/Kanna.framework",
			);
			runOnlyForDeploymentPostprocessing = 0;
			shellPath = /bin/sh;
			shellScript = "\"${SRCROOT}/Pods/Target Support Files/Pods-bcHealth/Pods-bcHealth-frameworks.sh\"\n";
			showEnvVarsInLog = 0;
		};
		1EA3D36068DBBD74029585AA /* [CP] Check Pods Manifest.lock */ = {
			isa = PBXShellScriptBuildPhase;
			buildActionMask = 2147483647;
			files = (
			);
			inputPaths = (
				"${PODS_PODFILE_DIR_PATH}/Podfile.lock",
				"${PODS_ROOT}/Manifest.lock",
			);
			name = "[CP] Check Pods Manifest.lock";
			outputPaths = (
				"$(DERIVED_FILE_DIR)/Pods-bcHealthUITests-checkManifestLockResult.txt",
			);
			runOnlyForDeploymentPostprocessing = 0;
			shellPath = /bin/sh;
			shellScript = "diff \"${PODS_PODFILE_DIR_PATH}/Podfile.lock\" \"${PODS_ROOT}/Manifest.lock\" > /dev/null\nif [ $? != 0 ] ; then\n    # print error to STDERR\n    echo \"error: The sandbox is not in sync with the Podfile.lock. Run 'pod install' or update your CocoaPods installation.\" >&2\n    exit 1\nfi\n# This output is used by Xcode 'outputs' to avoid re-running this script phase.\necho \"SUCCESS\" > \"${SCRIPT_OUTPUT_FILE_0}\"\n";
			showEnvVarsInLog = 0;
		};
		2F7CC35E76C9641B7361EBE9 /* [CP] Check Pods Manifest.lock */ = {
			isa = PBXShellScriptBuildPhase;
			buildActionMask = 2147483647;
			files = (
			);
			inputPaths = (
				"${PODS_PODFILE_DIR_PATH}/Podfile.lock",
				"${PODS_ROOT}/Manifest.lock",
			);
			name = "[CP] Check Pods Manifest.lock";
			outputPaths = (
				"$(DERIVED_FILE_DIR)/Pods-bcHealthTests-checkManifestLockResult.txt",
			);
			runOnlyForDeploymentPostprocessing = 0;
			shellPath = /bin/sh;
			shellScript = "diff \"${PODS_PODFILE_DIR_PATH}/Podfile.lock\" \"${PODS_ROOT}/Manifest.lock\" > /dev/null\nif [ $? != 0 ] ; then\n    # print error to STDERR\n    echo \"error: The sandbox is not in sync with the Podfile.lock. Run 'pod install' or update your CocoaPods installation.\" >&2\n    exit 1\nfi\n# This output is used by Xcode 'outputs' to avoid re-running this script phase.\necho \"SUCCESS\" > \"${SCRIPT_OUTPUT_FILE_0}\"\n";
			showEnvVarsInLog = 0;
		};
		5BEAAE2450D9495F46D56BD0 /* [CP] Embed Pods Frameworks */ = {
			isa = PBXShellScriptBuildPhase;
			buildActionMask = 2147483647;
			files = (
			);
			inputPaths = (
				"${SRCROOT}/Pods/Target Support Files/Pods-bcHealthUITests/Pods-bcHealthUITests-frameworks.sh",
				"${BUILT_PRODUCTS_DIR}/Nimble/Nimble.framework",
				"${BUILT_PRODUCTS_DIR}/Quick/Quick.framework",
			);
			name = "[CP] Embed Pods Frameworks";
			outputPaths = (
				"${TARGET_BUILD_DIR}/${FRAMEWORKS_FOLDER_PATH}/Nimble.framework",
				"${TARGET_BUILD_DIR}/${FRAMEWORKS_FOLDER_PATH}/Quick.framework",
			);
			runOnlyForDeploymentPostprocessing = 0;
			shellPath = /bin/sh;
			shellScript = "\"${SRCROOT}/Pods/Target Support Files/Pods-bcHealthUITests/Pods-bcHealthUITests-frameworks.sh\"\n";
			showEnvVarsInLog = 0;
		};
		7EBBD38ED017FAC13B510871 /* [CP] Copy Pods Resources */ = {
			isa = PBXShellScriptBuildPhase;
			buildActionMask = 2147483647;
			files = (
			);
			inputPaths = (
			);
			name = "[CP] Copy Pods Resources";
			outputPaths = (
			);
			runOnlyForDeploymentPostprocessing = 0;
			shellPath = /bin/sh;
			shellScript = "\"${SRCROOT}/Pods/Target Support Files/Pods-bcHealth/Pods-bcHealth-resources.sh\"\n";
			showEnvVarsInLog = 0;
		};
		B4D0AABBB137384B440183AC /* [CP] Copy Pods Resources */ = {
			isa = PBXShellScriptBuildPhase;
			buildActionMask = 2147483647;
			files = (
			);
			inputPaths = (
			);
			name = "[CP] Copy Pods Resources";
			outputPaths = (
			);
			runOnlyForDeploymentPostprocessing = 0;
			shellPath = /bin/sh;
			shellScript = "\"${SRCROOT}/Pods/Target Support Files/Pods-bcHealthUITests/Pods-bcHealthUITests-resources.sh\"\n";
			showEnvVarsInLog = 0;
		};
		E55F407DDBFC86592C50E3E8 /* [CP] Embed Pods Frameworks */ = {
			isa = PBXShellScriptBuildPhase;
			buildActionMask = 2147483647;
			files = (
			);
			inputPaths = (
				"${SRCROOT}/Pods/Target Support Files/Pods-bcHealthTests/Pods-bcHealthTests-frameworks.sh",
				"${BUILT_PRODUCTS_DIR}/Nimble/Nimble.framework",
				"${BUILT_PRODUCTS_DIR}/Quick/Quick.framework",
			);
			name = "[CP] Embed Pods Frameworks";
			outputPaths = (
				"${TARGET_BUILD_DIR}/${FRAMEWORKS_FOLDER_PATH}/Nimble.framework",
				"${TARGET_BUILD_DIR}/${FRAMEWORKS_FOLDER_PATH}/Quick.framework",
			);
			runOnlyForDeploymentPostprocessing = 0;
			shellPath = /bin/sh;
			shellScript = "\"${SRCROOT}/Pods/Target Support Files/Pods-bcHealthTests/Pods-bcHealthTests-frameworks.sh\"\n";
			showEnvVarsInLog = 0;
		};
		F3C24C20019DEE906016A0A6 /* [CP] Check Pods Manifest.lock */ = {
			isa = PBXShellScriptBuildPhase;
			buildActionMask = 2147483647;
			files = (
			);
			inputPaths = (
				"${PODS_PODFILE_DIR_PATH}/Podfile.lock",
				"${PODS_ROOT}/Manifest.lock",
			);
			name = "[CP] Check Pods Manifest.lock";
			outputPaths = (
				"$(DERIVED_FILE_DIR)/Pods-bcHealth-checkManifestLockResult.txt",
			);
			runOnlyForDeploymentPostprocessing = 0;
			shellPath = /bin/sh;
			shellScript = "diff \"${PODS_PODFILE_DIR_PATH}/Podfile.lock\" \"${PODS_ROOT}/Manifest.lock\" > /dev/null\nif [ $? != 0 ] ; then\n    # print error to STDERR\n    echo \"error: The sandbox is not in sync with the Podfile.lock. Run 'pod install' or update your CocoaPods installation.\" >&2\n    exit 1\nfi\n# This output is used by Xcode 'outputs' to avoid re-running this script phase.\necho \"SUCCESS\" > \"${SCRIPT_OUTPUT_FILE_0}\"\n";
			showEnvVarsInLog = 0;
		};
		FCD0D269125EF729575A069E /* [CP] Copy Pods Resources */ = {
			isa = PBXShellScriptBuildPhase;
			buildActionMask = 2147483647;
			files = (
			);
			inputPaths = (
			);
			name = "[CP] Copy Pods Resources";
			outputPaths = (
			);
			runOnlyForDeploymentPostprocessing = 0;
			shellPath = /bin/sh;
			shellScript = "\"${SRCROOT}/Pods/Target Support Files/Pods-bcHealthTests/Pods-bcHealthTests-resources.sh\"\n";
			showEnvVarsInLog = 0;
		};
/* End PBXShellScriptBuildPhase section */

/* Begin PBXSourcesBuildPhase section */
		014A9A821EEAEFAE0096650F /* Sources */ = {
			isa = PBXSourcesBuildPhase;
			buildActionMask = 2147483647;
			files = (
				014A9A8A1EEAEFAE0096650F /* AppDelegate.swift in Sources */,
				0111B7391F44C08D006F9C44 /* ParseError.swift in Sources */,
				0189FE591EEC7D1700A2C4F8 /* Track.swift in Sources */,
				0189FE5B1EEC80DE00A2C4F8 /* Parser.swift in Sources */,
				014A9AB81EEAF1240096650F /* Downloader.swift in Sources */,
				0189FE571EEC34AA00A2C4F8 /* ViewController.swift in Sources */,
				0189FE551EEC073100A2C4F8 /* TableViewController.swift in Sources */,
			);
			runOnlyForDeploymentPostprocessing = 0;
		};
		014A9A961EEAEFAE0096650F /* Sources */ = {
			isa = PBXSourcesBuildPhase;
			buildActionMask = 2147483647;
			files = (
				014A9A9F1EEAEFAE0096650F /* ParserSpec.swift in Sources */,
			);
			runOnlyForDeploymentPostprocessing = 0;
		};
		014A9AA11EEAEFAF0096650F /* Sources */ = {
			isa = PBXSourcesBuildPhase;
			buildActionMask = 2147483647;
			files = (
				014A9AAA1EEAEFAF0096650F /* bcHealthUITests.swift in Sources */,
			);
			runOnlyForDeploymentPostprocessing = 0;
		};
/* End PBXSourcesBuildPhase section */

/* Begin PBXTargetDependency section */
		014A9A9C1EEAEFAE0096650F /* PBXTargetDependency */ = {
			isa = PBXTargetDependency;
			target = 014A9A851EEAEFAE0096650F /* bcHealth */;
			targetProxy = 014A9A9B1EEAEFAE0096650F /* PBXContainerItemProxy */;
		};
		014A9AA71EEAEFAF0096650F /* PBXTargetDependency */ = {
			isa = PBXTargetDependency;
			target = 014A9A851EEAEFAE0096650F /* bcHealth */;
			targetProxy = 014A9AA61EEAEFAF0096650F /* PBXContainerItemProxy */;
		};
/* End PBXTargetDependency section */

/* Begin PBXVariantGroup section */
		014A9A8D1EEAEFAE0096650F /* Main.storyboard */ = {
			isa = PBXVariantGroup;
			children = (
				014A9A8E1EEAEFAE0096650F /* Base */,
			);
			name = Main.storyboard;
			sourceTree = "<group>";
		};
		014A9A921EEAEFAE0096650F /* LaunchScreen.storyboard */ = {
			isa = PBXVariantGroup;
			children = (
				014A9A931EEAEFAE0096650F /* Base */,
			);
			name = LaunchScreen.storyboard;
			sourceTree = "<group>";
		};
/* End PBXVariantGroup section */

/* Begin XCBuildConfiguration section */
		014A9AAC1EEAEFAF0096650F /* Debug */ = {
			isa = XCBuildConfiguration;
			buildSettings = {
				ALWAYS_SEARCH_USER_PATHS = NO;
				CLANG_ANALYZER_NONNULL = YES;
				CLANG_ANALYZER_NUMBER_OBJECT_CONVERSION = YES_AGGRESSIVE;
				CLANG_CXX_LANGUAGE_STANDARD = "gnu++0x";
				CLANG_CXX_LIBRARY = "libc++";
				CLANG_ENABLE_MODULES = YES;
				CLANG_ENABLE_OBJC_ARC = YES;
				CLANG_WARN_BOOL_CONVERSION = YES;
				CLANG_WARN_CONSTANT_CONVERSION = YES;
				CLANG_WARN_DIRECT_OBJC_ISA_USAGE = YES_ERROR;
				CLANG_WARN_DOCUMENTATION_COMMENTS = YES;
				CLANG_WARN_EMPTY_BODY = YES;
				CLANG_WARN_ENUM_CONVERSION = YES;
				CLANG_WARN_INFINITE_RECURSION = YES;
				CLANG_WARN_INT_CONVERSION = YES;
				CLANG_WARN_OBJC_ROOT_CLASS = YES_ERROR;
				CLANG_WARN_SUSPICIOUS_MOVE = YES;
				CLANG_WARN_UNREACHABLE_CODE = YES;
				CLANG_WARN__DUPLICATE_METHOD_MATCH = YES;
				"CODE_SIGN_IDENTITY[sdk=iphoneos*]" = "iPhone Developer";
				COPY_PHASE_STRIP = NO;
				DEBUG_INFORMATION_FORMAT = dwarf;
				DEFINES_MODULE = YES;
				ENABLE_STRICT_OBJC_MSGSEND = YES;
				ENABLE_TESTABILITY = YES;
				GCC_C_LANGUAGE_STANDARD = gnu99;
				GCC_DYNAMIC_NO_PIC = NO;
				GCC_NO_COMMON_BLOCKS = YES;
				GCC_OPTIMIZATION_LEVEL = 0;
				GCC_PREPROCESSOR_DEFINITIONS = (
					"DEBUG=1",
					"$(inherited)",
				);
				GCC_WARN_64_TO_32_BIT_CONVERSION = YES;
				GCC_WARN_ABOUT_RETURN_TYPE = YES_ERROR;
				GCC_WARN_UNDECLARED_SELECTOR = YES;
				GCC_WARN_UNINITIALIZED_AUTOS = YES_AGGRESSIVE;
				GCC_WARN_UNUSED_FUNCTION = YES;
				GCC_WARN_UNUSED_VARIABLE = YES;
				IPHONEOS_DEPLOYMENT_TARGET = 10.3;
				MTL_ENABLE_DEBUG_INFO = YES;
				ONLY_ACTIVE_ARCH = YES;
				SDKROOT = iphoneos;
				SWIFT_ACTIVE_COMPILATION_CONDITIONS = DEBUG;
				SWIFT_OPTIMIZATION_LEVEL = "-Onone";
				TARGETED_DEVICE_FAMILY = "1,2";
			};
			name = Debug;
		};
		014A9AAD1EEAEFAF0096650F /* Release */ = {
			isa = XCBuildConfiguration;
			buildSettings = {
				ALWAYS_SEARCH_USER_PATHS = NO;
				CLANG_ANALYZER_NONNULL = YES;
				CLANG_ANALYZER_NUMBER_OBJECT_CONVERSION = YES_AGGRESSIVE;
				CLANG_CXX_LANGUAGE_STANDARD = "gnu++0x";
				CLANG_CXX_LIBRARY = "libc++";
				CLANG_ENABLE_MODULES = YES;
				CLANG_ENABLE_OBJC_ARC = YES;
				CLANG_WARN_BOOL_CONVERSION = YES;
				CLANG_WARN_CONSTANT_CONVERSION = YES;
				CLANG_WARN_DIRECT_OBJC_ISA_USAGE = YES_ERROR;
				CLANG_WARN_DOCUMENTATION_COMMENTS = YES;
				CLANG_WARN_EMPTY_BODY = YES;
				CLANG_WARN_ENUM_CONVERSION = YES;
				CLANG_WARN_INFINITE_RECURSION = YES;
				CLANG_WARN_INT_CONVERSION = YES;
				CLANG_WARN_OBJC_ROOT_CLASS = YES_ERROR;
				CLANG_WARN_SUSPICIOUS_MOVE = YES;
				CLANG_WARN_UNREACHABLE_CODE = YES;
				CLANG_WARN__DUPLICATE_METHOD_MATCH = YES;
				"CODE_SIGN_IDENTITY[sdk=iphoneos*]" = "iPhone Developer";
				COPY_PHASE_STRIP = NO;
				DEBUG_INFORMATION_FORMAT = "dwarf-with-dsym";
				DEFINES_MODULE = YES;
				ENABLE_NS_ASSERTIONS = NO;
				ENABLE_STRICT_OBJC_MSGSEND = YES;
				GCC_C_LANGUAGE_STANDARD = gnu99;
				GCC_NO_COMMON_BLOCKS = YES;
				GCC_WARN_64_TO_32_BIT_CONVERSION = YES;
				GCC_WARN_ABOUT_RETURN_TYPE = YES_ERROR;
				GCC_WARN_UNDECLARED_SELECTOR = YES;
				GCC_WARN_UNINITIALIZED_AUTOS = YES_AGGRESSIVE;
				GCC_WARN_UNUSED_FUNCTION = YES;
				GCC_WARN_UNUSED_VARIABLE = YES;
				IPHONEOS_DEPLOYMENT_TARGET = 10.3;
				MTL_ENABLE_DEBUG_INFO = NO;
				SDKROOT = iphoneos;
				SWIFT_OPTIMIZATION_LEVEL = "-Owholemodule";
				TARGETED_DEVICE_FAMILY = "1,2";
				VALIDATE_PRODUCT = YES;
			};
			name = Release;
		};
		014A9AAF1EEAEFAF0096650F /* Debug */ = {
			isa = XCBuildConfiguration;
			baseConfigurationReference = D9E5323DAC02ED0D3220FC70 /* Pods-bcHealth.debug.xcconfig */;
			buildSettings = {
				ASSETCATALOG_COMPILER_APPICON_NAME = AppIcon;
				DEFINES_MODULE = YES;
				DEVELOPMENT_TEAM = L39AT832M7;
				INFOPLIST_FILE = bcHealth/Info.plist;
				LD_RUNPATH_SEARCH_PATHS = "$(inherited) @executable_path/Frameworks";
				PRODUCT_BUNDLE_IDENTIFIER = com.andrashatvani.bcHealth;
				PRODUCT_NAME = "$(TARGET_NAME)";
				SWIFT_VERSION = 3.0;
			};
			name = Debug;
		};
		014A9AB01EEAEFAF0096650F /* Release */ = {
			isa = XCBuildConfiguration;
			baseConfigurationReference = BA9BF1A64EAA10D75D5A6F7B /* Pods-bcHealth.release.xcconfig */;
			buildSettings = {
				ASSETCATALOG_COMPILER_APPICON_NAME = AppIcon;
				DEFINES_MODULE = YES;
				DEVELOPMENT_TEAM = L39AT832M7;
				INFOPLIST_FILE = bcHealth/Info.plist;
				LD_RUNPATH_SEARCH_PATHS = "$(inherited) @executable_path/Frameworks";
				PRODUCT_BUNDLE_IDENTIFIER = com.andrashatvani.bcHealth;
				PRODUCT_NAME = "$(TARGET_NAME)";
				SWIFT_VERSION = 3.0;
			};
			name = Release;
		};
		014A9AB21EEAEFAF0096650F /* Debug */ = {
			isa = XCBuildConfiguration;
			baseConfigurationReference = DE2B03D1337F0489221A085F /* Pods-bcHealthTests.debug.xcconfig */;
			buildSettings = {
				BUNDLE_LOADER = "$(TEST_HOST)";
				DEFINES_MODULE = YES;
				FRAMEWORK_SEARCH_PATHS = "$(inherited)";
				HEADER_SEARCH_PATHS = "$(inherited)";
				INFOPLIST_FILE = bcHealthTests/Info.plist;
				LD_RUNPATH_SEARCH_PATHS = "$(inherited) @executable_path/Frameworks @loader_path/Frameworks";
				PRODUCT_BUNDLE_IDENTIFIER = com.andrashatvani.bcHealthTests;
				PRODUCT_NAME = "$(TARGET_NAME)";
				SWIFT_VERSION = 3.0;
				TEST_HOST = "$(BUILT_PRODUCTS_DIR)/bcHealth.app/bcHealth";
			};
			name = Debug;
		};
		014A9AB31EEAEFAF0096650F /* Release */ = {
			isa = XCBuildConfiguration;
			baseConfigurationReference = D4AE68724FB9F9DDBB12EC22 /* Pods-bcHealthTests.release.xcconfig */;
			buildSettings = {
				BUNDLE_LOADER = "$(TEST_HOST)";
				DEFINES_MODULE = YES;
				FRAMEWORK_SEARCH_PATHS = "$(inherited)";
				HEADER_SEARCH_PATHS = "$(inherited)";
				INFOPLIST_FILE = bcHealthTests/Info.plist;
				LD_RUNPATH_SEARCH_PATHS = "$(inherited) @executable_path/Frameworks @loader_path/Frameworks";
				PRODUCT_BUNDLE_IDENTIFIER = com.andrashatvani.bcHealthTests;
				PRODUCT_NAME = "$(TARGET_NAME)";
				SWIFT_VERSION = 3.0;
				TEST_HOST = "$(BUILT_PRODUCTS_DIR)/bcHealth.app/bcHealth";
			};
			name = Release;
		};
		014A9AB51EEAEFAF0096650F /* Debug */ = {
			isa = XCBuildConfiguration;
			baseConfigurationReference = BD563FE79C03491C1D666CAF /* Pods-bcHealthUITests.debug.xcconfig */;
			buildSettings = {
				INFOPLIST_FILE = bcHealthUITests/Info.plist;
				LD_RUNPATH_SEARCH_PATHS = "$(inherited) @executable_path/Frameworks @loader_path/Frameworks";
				PRODUCT_BUNDLE_IDENTIFIER = com.andrashatvani.bcHealthUITests;
				PRODUCT_NAME = "$(TARGET_NAME)";
				SWIFT_VERSION = 3.0;
				TEST_TARGET_NAME = bcHealth;
			};
			name = Debug;
		};
		014A9AB61EEAEFAF0096650F /* Release */ = {
			isa = XCBuildConfiguration;
			baseConfigurationReference = 9A6C0D461F4B5E54F62E3947 /* Pods-bcHealthUITests.release.xcconfig */;
			buildSettings = {
				INFOPLIST_FILE = bcHealthUITests/Info.plist;
				LD_RUNPATH_SEARCH_PATHS = "$(inherited) @executable_path/Frameworks @loader_path/Frameworks";
				PRODUCT_BUNDLE_IDENTIFIER = com.andrashatvani.bcHealthUITests;
				PRODUCT_NAME = "$(TARGET_NAME)";
				SWIFT_VERSION = 3.0;
				TEST_TARGET_NAME = bcHealth;
			};
			name = Release;
		};
/* End XCBuildConfiguration section */

/* Begin XCConfigurationList section */
		014A9A811EEAEFAE0096650F /* Build configuration list for PBXProject "bcHealth" */ = {
			isa = XCConfigurationList;
			buildConfigurations = (
				014A9AAC1EEAEFAF0096650F /* Debug */,
				014A9AAD1EEAEFAF0096650F /* Release */,
			);
			defaultConfigurationIsVisible = 0;
			defaultConfigurationName = Release;
		};
		014A9AAE1EEAEFAF0096650F /* Build configuration list for PBXNativeTarget "bcHealth" */ = {
			isa = XCConfigurationList;
			buildConfigurations = (
				014A9AAF1EEAEFAF0096650F /* Debug */,
				014A9AB01EEAEFAF0096650F /* Release */,
			);
			defaultConfigurationIsVisible = 0;
			defaultConfigurationName = Release;
		};
		014A9AB11EEAEFAF0096650F /* Build configuration list for PBXNativeTarget "bcHealthTests" */ = {
			isa = XCConfigurationList;
			buildConfigurations = (
				014A9AB21EEAEFAF0096650F /* Debug */,
				014A9AB31EEAEFAF0096650F /* Release */,
			);
			defaultConfigurationIsVisible = 0;
			defaultConfigurationName = Release;
		};
		014A9AB41EEAEFAF0096650F /* Build configuration list for PBXNativeTarget "bcHealthUITests" */ = {
			isa = XCConfigurationList;
			buildConfigurations = (
				014A9AB51EEAEFAF0096650F /* Debug */,
				014A9AB61EEAEFAF0096650F /* Release */,
			);
			defaultConfigurationIsVisible = 0;
			defaultConfigurationName = Release;
		};
/* End XCConfigurationList section */
	};
	rootObject = 014A9A7E1EEAEFAE0096650F /* Project object */;
}
